
Microsoft Visual Studio Solution File, Format Version 12.00
# Visual Studio 15
VisualStudioVersion = 15.0.27130.2024
MinimumVisualStudioVersion = 10.0.40219.1
Project("{FAE04EC0-301F-11D3-BF4B-00C04F79EFBC}") = "BottomNavBar.Android", "BottomNavBar\BottomNavBar.Android\BottomNavBar.Android.csproj", "{45D19377-9CC0-458B-A2E0-22CED7B2FB68}"
EndProject
Project("{FAE04EC0-301F-11D3-BF4B-00C04F79EFBC}") = "BottomNavBar.iOS", "BottomNavBar\BottomNavBar.iOS\BottomNavBar.iOS.csproj", "{6CD0627A-CB1E-4DC6-AD80-A408AD02229A}"
EndProject
Project("{FAE04EC0-301F-11D3-BF4B-00C04F79EFBC}") = "BottomNavBar", "BottomNavBar\BottomNavBar\BottomNavBar.csproj", "{5FFE64EE-910E-470C-96CA-C56C6E00EF90}"
EndProject
Global
	GlobalSection(SolutionConfigurationPlatforms) = preSolution
		Ad-Hoc|Any CPU = Ad-Hoc|Any CPU
		Ad-Hoc|iPhone = Ad-Hoc|iPhone
		Ad-Hoc|iPhoneSimulator = Ad-Hoc|iPhoneSimulator
		AppStore|Any CPU = AppStore|Any CPU
		AppStore|iPhone = AppStore|iPhone
		AppStore|iPhoneSimulator = AppStore|iPhoneSimulator
		Debug|Any CPU = Debug|Any CPU
		Debug|iPhone = Debug|iPhone
		Debug|iPhoneSimulator = Debug|iPhoneSimulator
		Release|Any CPU = Release|Any CPU
		Release|iPhone = Release|iPhone
		Release|iPhoneSimulator = Release|iPhoneSimulator
	EndGlobalSection
	GlobalSection(ProjectConfigurationPlatforms) = postSolution
		{45D19377-9CC0-458B-A2E0-22CED7B2FB68}.Ad-Hoc|Any CPU.ActiveCfg = Release|Any CPU
		{45D19377-9CC0-458B-A2E0-22CED7B2FB68}.Ad-Hoc|Any CPU.Build.0 = Release|Any CPU
		{45D19377-9CC0-458B-A2E0-22CED7B2FB68}.Ad-Hoc|Any CPU.Deploy.0 = Release|Any CPU
		{45D19377-9CC0-458B-A2E0-22CED7B2FB68}.Ad-Hoc|iPhone.ActiveCfg = Release|Any CPU
		{45D19377-9CC0-458B-A2E0-22CED7B2FB68}.Ad-Hoc|iPhone.Build.0 = Release|Any CPU
		{45D19377-9CC0-458B-A2E0-22CED7B2FB68}.Ad-Hoc|iPhone.Deploy.0 = Release|Any CPU
		{45D19377-9CC0-458B-A2E0-22CED7B2FB68}.Ad-Hoc|iPhoneSimulator.ActiveCfg = Release|Any CPU
		{45D19377-9CC0-458B-A2E0-22CED7B2FB68}.Ad-Hoc|iPhoneSimulator.Build.0 = Release|Any CPU
		{45D19377-9CC0-458B-A2E0-22CED7B2FB68}.Ad-Hoc|iPhoneSimulator.Deploy.0 = Release|Any CPU
		{45D19377-9CC0-458B-A2E0-22CED7B2FB68}.AppStore|Any CPU.ActiveCfg = Release|Any CPU
		{45D19377-9CC0-458B-A2E0-22CED7B2FB68}.AppStore|Any CPU.Build.0 = Release|Any CPU
		{45D19377-9CC0-458B-A2E0-22CED7B2FB68}.AppStore|Any CPU.Deploy.0 = Release|Any CPU
		{45D19377-9CC0-458B-A2E0-22CED7B2FB68}.AppStore|iPhone.ActiveCfg = Release|Any CPU
		{45D19377-9CC0-458B-A2E0-22CED7B2FB68}.AppStore|iPhone.Build.0 = Release|Any CPU
		{45D19377-9CC0-458B-A2E0-22CED7B2FB68}.AppStore|iPhone.Deploy.0 = Release|Any CPU
		{45D19377-9CC0-458B-A2E0-22CED7B2FB68}.AppStore|iPhoneSimulator.ActiveCfg = Release|Any CPU
		{45D19377-9CC0-458B-A2E0-22CED7B2FB68}.AppStore|iPhoneSimulator.Build.0 = Release|Any CPU
		{45D19377-9CC0-458B-A2E0-22CED7B2FB68}.AppStore|iPhoneSimulator.Deploy.0 = Release|Any CPU
		{45D19377-9CC0-458B-A2E0-22CED7B2FB68}.Debug|Any CPU.ActiveCfg = Debug|Any CPU
		{45D19377-9CC0-458B-A2E0-22CED7B2FB68}.Debug|Any CPU.Build.0 = Debug|Any CPU
		{45D19377-9CC0-458B-A2E0-22CED7B2FB68}.Debug|Any CPU.Deploy.0 = Debug|Any CPU
		{45D19377-9CC0-458B-A2E0-22CED7B2FB68}.Debug|iPhone.ActiveCfg = Debug|Any CPU
		{45D19377-9CC0-458B-A2E0-22CED7B2FB68}.Debug|iPhone.Build.0 = Debug|Any CPU
		{45D19377-9CC0-458B-A2E0-22CED7B2FB68}.Debug|iPhone.Deploy.0 = Debug|Any CPU
		{45D19377-9CC0-458B-A2E0-22CED7B2FB68}.Debug|iPhoneSimulator.ActiveCfg = Debug|Any CPU
		{45D19377-9CC0-458B-A2E0-22CED7B2FB68}.Debug|iPhoneSimulator.Build.0 = Debug|Any CPU
		{45D19377-9CC0-458B-A2E0-22CED7B2FB68}.Debug|iPhoneSimulator.Deploy.0 = Debug|Any CPU
		{45D19377-9CC0-458B-A2E0-22CED7B2FB68}.Release|Any CPU.ActiveCfg = Release|Any CPU
		{45D19377-9CC0-458B-A2E0-22CED7B2FB68}.Release|Any CPU.Build.0 = Release|Any CPU
		{45D19377-9CC0-458B-A2E0-22CED7B2FB68}.Release|Any CPU.Deploy.0 = Release|Any CPU
		{45D19377-9CC0-458B-A2E0-22CED7B2FB68}.Release|iPhone.ActiveCfg = Release|Any CPU
		{45D19377-9CC0-458B-A2E0-22CED7B2FB68}.Release|iPhone.Build.0 = Release|Any CPU
		{45D19377-9CC0-458B-A2E0-22CED7B2FB68}.Release|iPhone.Deploy.0 = Release|Any CPU
		{45D19377-9CC0-458B-A2E0-22CED7B2FB68}.Release|iPhoneSimulator.ActiveCfg = Release|Any CPU
		{45D19377-9CC0-458B-A2E0-22CED7B2FB68}.Release|iPhoneSimulator.Build.0 = Release|Any CPU
		{45D19377-9CC0-458B-A2E0-22CED7B2FB68}.Release|iPhoneSimulator.Deploy.0 = Release|Any CPU
		{6CD0627A-CB1E-4DC6-AD80-A408AD02229A}.Ad-Hoc|Any CPU.ActiveCfg = Ad-Hoc|iPhone
		{6CD0627A-CB1E-4DC6-AD80-A408AD02229A}.Ad-Hoc|iPhone.ActiveCfg = Ad-Hoc|iPhone
		{6CD0627A-CB1E-4DC6-AD80-A408AD02229A}.Ad-Hoc|iPhone.Build.0 = Ad-Hoc|iPhone
		{6CD0627A-CB1E-4DC6-AD80-A408AD02229A}.Ad-Hoc|iPhoneSimulator.ActiveCfg = Ad-Hoc|iPhoneSimulator
		{6CD0627A-CB1E-4DC6-AD80-A408AD02229A}.Ad-Hoc|iPhoneSimulator.Build.0 = Ad-Hoc|iPhoneSimulator
		{6CD0627A-CB1E-4DC6-AD80-A408AD02229A}.AppStore|Any CPU.ActiveCfg = AppStore|iPhone
		{6CD0627A-CB1E-4DC6-AD80-A408AD02229A}.AppStore|iPhone.ActiveCfg = AppStore|iPhone
		{6CD0627A-CB1E-4DC6-AD80-A408AD02229A}.AppStore|iPhone.Build.0 = AppStore|iPhone
		{6CD0627A-CB1E-4DC6-AD80-A408AD02229A}.AppStore|iPhoneSimulator.ActiveCfg = AppStore|iPhoneSimulator
		{6CD0627A-CB1E-4DC6-AD80-A408AD02229A}.AppStore|iPhoneSimulator.Build.0 = AppStore|iPhoneSimulator
		{6CD0627A-CB1E-4DC6-AD80-A408AD02229A}.Debug|Any CPU.ActiveCfg = Debug|iPhone
		{6CD0627A-CB1E-4DC6-AD80-A408AD02229A}.Debug|iPhone.ActiveCfg = Debug|iPhone
		{6CD0627A-CB1E-4DC6-AD80-A408AD02229A}.Debug|iPhone.Build.0 = Debug|iPhone
		{6CD0627A-CB1E-4DC6-AD80-A408AD02229A}.Debug|iPhoneSimulator.ActiveCfg = Debug|iPhoneSimulator
		{6CD0627A-CB1E-4DC6-AD80-A408AD02229A}.Debug|iPhoneSimulator.Build.0 = Debug|iPhoneSimulator
		{6CD0627A-CB1E-4DC6-AD80-A408AD02229A}.Release|Any CPU.ActiveCfg = Release|iPhone
		{6CD0627A-CB1E-4DC6-AD80-A408AD02229A}.Release|iPhone.ActiveCfg = Release|iPhone
		{6CD0627A-CB1E-4DC6-AD80-A408AD02229A}.Release|iPhone.Build.0 = Release|iPhone
		{6CD0627A-CB1E-4DC6-AD80-A408AD02229A}.Release|iPhoneSimulator.ActiveCfg = Release|iPhoneSimulator
		{6CD0627A-CB1E-4DC6-AD80-A408AD02229A}.Release|iPhoneSimulator.Build.0 = Release|iPhoneSimulator
		{5FFE64EE-910E-470C-96CA-C56C6E00EF90}.Ad-Hoc|Any CPU.ActiveCfg = Debug|Any CPU
		{5FFE64EE-910E-470C-96CA-C56C6E00EF90}.Ad-Hoc|Any CPU.Build.0 = Debug|Any CPU
		{5FFE64EE-910E-470C-96CA-C56C6E00EF90}.Ad-Hoc|iPhone.ActiveCfg = Debug|Any CPU
		{5FFE64EE-910E-470C-96CA-C56C6E00EF90}.Ad-Hoc|iPhone.Build.0 = Debug|Any CPU
		{5FFE64EE-910E-470C-96CA-C56C6E00EF90}.Ad-Hoc|iPhoneSimulator.ActiveCfg = Debug|Any CPU
		{5FFE64EE-910E-470C-96CA-C56C6E00EF90}.Ad-Hoc|iPhoneSimulator.Build.0 = Debug|Any CPU
		{5FFE64EE-910E-470C-96CA-C56C6E00EF90}.AppStore|Any CPU.ActiveCfg = Debug|Any CPU
		{5FFE64EE-910E-470C-96CA-C56C6E00EF90}.AppStore|Any CPU.Build.0 = Debug|Any CPU
		{5FFE64EE-910E-470C-96CA-C56C6E00EF90}.AppStore|iPhone.ActiveCfg = Debug|Any CPU
		{5FFE64EE-910E-470C-96CA-C56C6E00EF90}.AppStore|iPhone.Build.0 = Debug|Any CPU
		{5FFE64EE-910E-470C-96CA-C56C6E00EF90}.AppStore|iPhoneSimulator.ActiveCfg = Debug|Any CPU
		{5FFE64EE-910E-470C-96CA-C56C6E00EF90}.AppStore|iPhoneSimulator.Build.0 = Debug|Any CPU
		{5FFE64EE-910E-470C-96CA-C56C6E00EF90}.Debug|Any CPU.ActiveCfg = Debug|Any CPU
		{5FFE64EE-910E-470C-96CA-C56C6E00EF90}.Debug|Any CPU.Build.0 = Debug|Any CPU
		{5FFE64EE-910E-470C-96CA-C56C6E00EF90}.Debug|iPhone.ActiveCfg = Debug|Any CPU
		{5FFE64EE-910E-470C-96CA-C56C6E00EF90}.Debug|iPhone.Build.0 = Debug|Any CPU
		{5FFE64EE-910E-470C-96CA-C56C6E00EF90}.Debug|iPhoneSimulator.ActiveCfg = Debug|Any CPU
		{5FFE64EE-910E-470C-96CA-C56C6E00EF90}.Debug|iPhoneSimulator.Build.0 = Debug|Any CPU
		{5FFE64EE-910E-470C-96CA-C56C6E00EF90}.Release|Any CPU.ActiveCfg = Release|Any CPU
		{5FFE64EE-910E-470C-96CA-C56C6E00EF90}.Release|Any CPU.Build.0 = Release|Any CPU
		{5FFE64EE-910E-470C-96CA-C56C6E00EF90}.Release|iPhone.ActiveCfg = Release|Any CPU
		{5FFE64EE-910E-470C-96CA-C56C6E00EF90}.Release|iPhone.Build.0 = Release|Any CPU
		{5FFE64EE-910E-470C-96CA-C56C6E00EF90}.Release|iPhoneSimulator.ActiveCfg = Release|Any CPU
		{5FFE64EE-910E-470C-96CA-C56C6E00EF90}.Release|iPhoneSimulator.Build.0 = Release|Any CPU
	EndGlobalSection
	GlobalSection(SolutionProperties) = preSolution
		HideSolutionNode = FALSE
	EndGlobalSection
	GlobalSection(ExtensibilityGlobals) = postSolution
		SolutionGuid = {E1BA011D-1B19-4D00-B54E-4BC275A68B5E}
	EndGlobalSection
EndGlobal
